
Microsoft Visual Studio Solution File, Format Version 12.00
# Visual Studio Version 17
VisualStudioVersion = 17.11.35327.3
MinimumVisualStudioVersion = 10.0.40219.1
Project("{9A19103F-16F7-4668-BE54-9A1E7A4F7556}") = "Election", "Election\Election.csproj", "{C89A14D7-A191-48FA-8797-F733C5E51D9D}"
EndProject
Global
	GlobalSection(SolutionConfigurationPlatforms) = preSolution
		Debug|Any CPU = Debug|Any CPU
		Release|Any CPU = Release|Any CPU
	EndGlobalSection
	GlobalSection(ProjectConfigurationPlatforms) = postSolution
		{C89A14D7-A191-48FA-8797-F733C5E51D9D}.Debug|Any CPU.ActiveCfg = Debug|Any CPU
		{C89A14D7-A191-48FA-8797-F733C5E51D9D}.Debug|Any CPU.Build.0 = Debug|Any CPU
		{C89A14D7-A191-48FA-8797-F733C5E51D9D}.Release|Any CPU.ActiveCfg = Release|Any CPU
		{C89A14D7-A191-48FA-8797-F733C5E51D9D}.Release|Any CPU.Build.0 = Release|Any CPU
	EndGlobalSection
	GlobalSection(SolutionProperties) = preSolution
		HideSolutionNode = FALSE
	EndGlobalSection
	GlobalSection(ExtensibilityGlobals) = postSolution
		SolutionGuid = {CB103253-5D73-408C-B404-E8396C10C89C}
	EndGlobalSection
EndGlobal
